
Microsoft Visual Studio Solution File, Format Version 12.00
# Visual Studio Version 17
VisualStudioVersion = 17.0.32002.185
MinimumVisualStudioVersion = 10.0.40219.1
Project("{FAE04EC0-301F-11D3-BF4B-00C04F79EFBC}") = "10.IliskiliTablolarUygulamasi", "10.IliskiliTablolarUygulamasi\10.IliskiliTablolarUygulamasi.csproj", "{D59DA489-FFA5-49BC-8F74-8CE367FEC2DF}"
EndProject
Project("{FAE04EC0-301F-11D3-BF4B-00C04F79EFBC}") = "11.KullanicilarArasiMesajlasmaSistemi", "11.KullanicilarArasiMesajlasmaSistemi\11.KullanicilarArasiMesajlasmaSistemi.csproj", "{C1E9C92E-F8D5-4E13-BA35-8E3557B58FAD}"
EndProject
Project("{FAE04EC0-301F-11D3-BF4B-00C04F79EFBC}") = "12.MiniSQLDerleyicisi", "12.MiniSQLDerleyicisi\12.MiniSQLDerleyicisi.csproj", "{F1FE1989-3E7A-4A82-9C0D-2DAA340AA532}"
EndProject
Project("{FAE04EC0-301F-11D3-BF4B-00C04F79EFBC}") = "13.VeriSifreleme", "13.VeriSifreleme\13.VeriSifreleme.csproj", "{C52900A8-D9E5-4487-BD0A-8F33B265A9F1}"
EndProject
Project("{FAE04EC0-301F-11D3-BF4B-00C04F79EFBC}") = "14.BankamatikSimulasyonu", "14.BankamatikSimulasyonu\14.BankamatikSimulasyonu.csproj", "{259574B6-D459-4FF8-9AF6-5FD7D20222A3}"
EndProject
Project("{FAE04EC0-301F-11D3-BF4B-00C04F79EFBC}") = "15.EtutDersKayitSistemi", "15.EtutDersKayitSistemi\15.EtutDersKayitSistemi.csproj", "{871CA48B-6DF7-4DF5-AFA0-69664334CF1E}"
EndProject
Project("{FAE04EC0-301F-11D3-BF4B-00C04F79EFBC}") = "16.VeritabaniYedekTablosuOlusturma", "16.VeritabaniYedekTablosuOlusturma\16.VeritabaniYedekTablosuOlusturma.csproj", "{ED22F870-27DB-4732-AF0A-DBAF234BBB78}"
EndProject
Project("{FAE04EC0-301F-11D3-BF4B-00C04F79EFBC}") = "17.BiletRezervasyonSistemi", "17.BiletRezervasyonSistemi\17.BiletRezervasyonSistemi.csproj", "{DA1119AB-A05C-4330-B944-7189ECABBB25}"
EndProject
Global
	GlobalSection(SolutionConfigurationPlatforms) = preSolution
		Debug|Any CPU = Debug|Any CPU
		Release|Any CPU = Release|Any CPU
	EndGlobalSection
	GlobalSection(ProjectConfigurationPlatforms) = postSolution
		{D59DA489-FFA5-49BC-8F74-8CE367FEC2DF}.Debug|Any CPU.ActiveCfg = Debug|Any CPU
		{D59DA489-FFA5-49BC-8F74-8CE367FEC2DF}.Debug|Any CPU.Build.0 = Debug|Any CPU
		{D59DA489-FFA5-49BC-8F74-8CE367FEC2DF}.Release|Any CPU.ActiveCfg = Release|Any CPU
		{D59DA489-FFA5-49BC-8F74-8CE367FEC2DF}.Release|Any CPU.Build.0 = Release|Any CPU
		{C1E9C92E-F8D5-4E13-BA35-8E3557B58FAD}.Debug|Any CPU.ActiveCfg = Debug|Any CPU
		{C1E9C92E-F8D5-4E13-BA35-8E3557B58FAD}.Debug|Any CPU.Build.0 = Debug|Any CPU
		{C1E9C92E-F8D5-4E13-BA35-8E3557B58FAD}.Release|Any CPU.ActiveCfg = Release|Any CPU
		{C1E9C92E-F8D5-4E13-BA35-8E3557B58FAD}.Release|Any CPU.Build.0 = Release|Any CPU
		{F1FE1989-3E7A-4A82-9C0D-2DAA340AA532}.Debug|Any CPU.ActiveCfg = Debug|Any CPU
		{F1FE1989-3E7A-4A82-9C0D-2DAA340AA532}.Debug|Any CPU.Build.0 = Debug|Any CPU
		{F1FE1989-3E7A-4A82-9C0D-2DAA340AA532}.Release|Any CPU.ActiveCfg = Release|Any CPU
		{F1FE1989-3E7A-4A82-9C0D-2DAA340AA532}.Release|Any CPU.Build.0 = Release|Any CPU
		{C52900A8-D9E5-4487-BD0A-8F33B265A9F1}.Debug|Any CPU.ActiveCfg = Debug|Any CPU
		{C52900A8-D9E5-4487-BD0A-8F33B265A9F1}.Debug|Any CPU.Build.0 = Debug|Any CPU
		{C52900A8-D9E5-4487-BD0A-8F33B265A9F1}.Release|Any CPU.ActiveCfg = Release|Any CPU
		{C52900A8-D9E5-4487-BD0A-8F33B265A9F1}.Release|Any CPU.Build.0 = Release|Any CPU
		{259574B6-D459-4FF8-9AF6-5FD7D20222A3}.Debug|Any CPU.ActiveCfg = Debug|Any CPU
		{259574B6-D459-4FF8-9AF6-5FD7D20222A3}.Debug|Any CPU.Build.0 = Debug|Any CPU
		{259574B6-D459-4FF8-9AF6-5FD7D20222A3}.Release|Any CPU.ActiveCfg = Release|Any CPU
		{259574B6-D459-4FF8-9AF6-5FD7D20222A3}.Release|Any CPU.Build.0 = Release|Any CPU
		{871CA48B-6DF7-4DF5-AFA0-69664334CF1E}.Debug|Any CPU.ActiveCfg = Debug|Any CPU
		{871CA48B-6DF7-4DF5-AFA0-69664334CF1E}.Debug|Any CPU.Build.0 = Debug|Any CPU
		{871CA48B-6DF7-4DF5-AFA0-69664334CF1E}.Release|Any CPU.ActiveCfg = Release|Any CPU
		{871CA48B-6DF7-4DF5-AFA0-69664334CF1E}.Release|Any CPU.Build.0 = Release|Any CPU
		{ED22F870-27DB-4732-AF0A-DBAF234BBB78}.Debug|Any CPU.ActiveCfg = Debug|Any CPU
		{ED22F870-27DB-4732-AF0A-DBAF234BBB78}.Debug|Any CPU.Build.0 = Debug|Any CPU
		{ED22F870-27DB-4732-AF0A-DBAF234BBB78}.Release|Any CPU.ActiveCfg = Release|Any CPU
		{ED22F870-27DB-4732-AF0A-DBAF234BBB78}.Release|Any CPU.Build.0 = Release|Any CPU
		{DA1119AB-A05C-4330-B944-7189ECABBB25}.Debug|Any CPU.ActiveCfg = Debug|Any CPU
		{DA1119AB-A05C-4330-B944-7189ECABBB25}.Debug|Any CPU.Build.0 = Debug|Any CPU
		{DA1119AB-A05C-4330-B944-7189ECABBB25}.Release|Any CPU.ActiveCfg = Release|Any CPU
		{DA1119AB-A05C-4330-B944-7189ECABBB25}.Release|Any CPU.Build.0 = Release|Any CPU
	EndGlobalSection
	GlobalSection(SolutionProperties) = preSolution
		HideSolutionNode = FALSE
	EndGlobalSection
	GlobalSection(ExtensibilityGlobals) = postSolution
		SolutionGuid = {58513DA6-6984-448A-A205-DA8DEF17A2D7}
	EndGlobalSection
EndGlobal
